
Microsoft Visual Studio Solution File, Format Version 12.00
# Visual Studio Version 16
VisualStudioVersion = 16.0.32802.440
MinimumVisualStudioVersion = 10.0.40219.1
Project("{FAE04EC0-301F-11D3-BF4B-00C04F79EFBC}") = "Shopping.Client", "Shopping.Client\Shopping.Client.csproj", "{1271CEE9-928A-4BDE-B758-EEFB3C033D1A}"
EndProject
Global
	GlobalSection(SolutionConfigurationPlatforms) = preSolution
		Debug|Any CPU = Debug|Any CPU
		Release|Any CPU = Release|Any CPU
	EndGlobalSection
	GlobalSection(ProjectConfigurationPlatforms) = postSolution
		{1271CEE9-928A-4BDE-B758-EEFB3C033D1A}.Debug|Any CPU.ActiveCfg = Debug|Any CPU
		{1271CEE9-928A-4BDE-B758-EEFB3C033D1A}.Debug|Any CPU.Build.0 = Debug|Any CPU
		{1271CEE9-928A-4BDE-B758-EEFB3C033D1A}.Release|Any CPU.ActiveCfg = Release|Any CPU
		{1271CEE9-928A-4BDE-B758-EEFB3C033D1A}.Release|Any CPU.Build.0 = Release|Any CPU
	EndGlobalSection
	GlobalSection(SolutionProperties) = preSolution
		HideSolutionNode = FALSE
	EndGlobalSection
	GlobalSection(ExtensibilityGlobals) = postSolution
		SolutionGuid = {232243B1-18AA-4152-BA75-0A0DE98F19CB}
	EndGlobalSection
EndGlobal
